// !$*UTF8*$!
{
	archiveVersion = 1;
	classes = {
	};
	objectVersion = 46;
	objects = {

/* Begin PBXBuildFile section */
		680FB3C115CF1B8500DE453D /* UIKit.framework in Frameworks */ = {isa = PBXBuildFile; fileRef = 680FB3C015CF1B8500DE453D /* UIKit.framework */; };
		680FB3C315CF1B8500DE453D /* Foundation.framework in Frameworks */ = {isa = PBXBuildFile; fileRef = 680FB3C215CF1B8500DE453D /* Foundation.framework */; };
		680FB3C515CF1B8500DE453D /* CoreGraphics.framework in Frameworks */ = {isa = PBXBuildFile; fileRef = 680FB3C415CF1B8500DE453D /* CoreGraphics.framework */; };
		680FB3C715CF1B8500DE453D /* CoreData.framework in Frameworks */ = {isa = PBXBuildFile; fileRef = 680FB3C615CF1B8500DE453D /* CoreData.framework */; };
		680FB3CD15CF1B8500DE453D /* InfoPlist.strings in Resources */ = {isa = PBXBuildFile; fileRef = 680FB3CB15CF1B8500DE453D /* InfoPlist.strings */; };
		680FB3CF15CF1B8500DE453D /* main.m in Sources */ = {isa = PBXBuildFile; fileRef = 680FB3CE15CF1B8500DE453D /* main.m */; };
		680FB3D315CF1B8500DE453D /* AppDelegate.m in Sources */ = {isa = PBXBuildFile; fileRef = 680FB3D215CF1B8500DE453D /* AppDelegate.m */; };
		680FB3DC15CF1B8500DE453D /* Home_Owner_Modeler.xcdatamodeld in Sources */ = {isa = PBXBuildFile; fileRef = 680FB3DA15CF1B8500DE453D /* Home_Owner_Modeler.xcdatamodeld */; };
		680FB3EA15CF1B8500DE453D /* SenTestingKit.framework in Frameworks */ = {isa = PBXBuildFile; fileRef = 680FB3E915CF1B8500DE453D /* SenTestingKit.framework */; };
		680FB3EB15CF1B8500DE453D /* UIKit.framework in Frameworks */ = {isa = PBXBuildFile; fileRef = 680FB3C015CF1B8500DE453D /* UIKit.framework */; };
		680FB3EC15CF1B8500DE453D /* Foundation.framework in Frameworks */ = {isa = PBXBuildFile; fileRef = 680FB3C215CF1B8500DE453D /* Foundation.framework */; };
		680FB3ED15CF1B8500DE453D /* CoreData.framework in Frameworks */ = {isa = PBXBuildFile; fileRef = 680FB3C615CF1B8500DE453D /* CoreData.framework */; };
		680FB3F515CF1B8500DE453D /* InfoPlist.strings in Resources */ = {isa = PBXBuildFile; fileRef = 680FB3F315CF1B8500DE453D /* InfoPlist.strings */; };
		680FB3F815CF1B8500DE453D /* Home_Owner_ModelerTests.m in Sources */ = {isa = PBXBuildFile; fileRef = 680FB3F715CF1B8500DE453D /* Home_Owner_ModelerTests.m */; };
		681A92A3168010980028BFAE /* Default-568h@2x.png in Resources */ = {isa = PBXBuildFile; fileRef = 681A92A2168010980028BFAE /* Default-568h@2x.png */; };
		681A92A816801BC00028BFAE /* contrast_icon.png in Resources */ = {isa = PBXBuildFile; fileRef = 681A92A516801BBF0028BFAE /* contrast_icon.png */; };
		681A92A916801BC00028BFAE /* crop_icon.png in Resources */ = {isa = PBXBuildFile; fileRef = 681A92A616801BBF0028BFAE /* crop_icon.png */; };
		681A92AA16801BC00028BFAE /* resize_icon.png in Resources */ = {isa = PBXBuildFile; fileRef = 681A92A716801BC00028BFAE /* resize_icon.png */; };
		6841825F16802C1700950528 /* HMHomePhotoTableViewCell.xib in Resources */ = {isa = PBXBuildFile; fileRef = 6841825E16802C1700950528 /* HMHomePhotoTableViewCell.xib */; };
		6841826216802C2F00950528 /* HMHomePhotoTableViewCell.m in Sources */ = {isa = PBXBuildFile; fileRef = 6841826116802C2F00950528 /* HMHomePhotoTableViewCell.m */; };
		6841826416802CC400950528 /* HMItemPhotoTableViewCell.xib in Resources */ = {isa = PBXBuildFile; fileRef = 6841826316802CC400950528 /* HMItemPhotoTableViewCell.xib */; };
		6841826716802CD400950528 /* HMItemPhotoTableViewCell.m in Sources */ = {isa = PBXBuildFile; fileRef = 6841826616802CD300950528 /* HMItemPhotoTableViewCell.m */; };
		6841826A16802F2D00950528 /* left_disclosure_indicator.png in Resources */ = {isa = PBXBuildFile; fileRef = 6841826816802F2D00950528 /* left_disclosure_indicator.png */; };
		6841826B16802F2D00950528 /* right_disclosure_indicator.png in Resources */ = {isa = PBXBuildFile; fileRef = 6841826916802F2D00950528 /* right_disclosure_indicator.png */; };
		684182CD1681671000950528 /* HMHomeViewController.m in Sources */ = {isa = PBXBuildFile; fileRef = 684182CB1681670F00950528 /* HMHomeViewController.m */; };
		684182CE1681671000950528 /* HMHomeViewController.xib in Resources */ = {isa = PBXBuildFile; fileRef = 684182CC1681671000950528 /* HMHomeViewController.xib */; };
		68BEF393167D1EB800656E9E /* IIViewDeckController.m in Sources */ = {isa = PBXBuildFile; fileRef = 68BEF392167D1EB800656E9E /* IIViewDeckController.m */; };
		68BEF39A167D224A00656E9E /* IIWrapController.m in Sources */ = {isa = PBXBuildFile; fileRef = 68BEF399167D224A00656E9E /* IIWrapController.m */; };
		68BEF3C5167E568B00656E9E /* camera_icon.jpg in Resources */ = {isa = PBXBuildFile; fileRef = 68BEF3C4167E568B00656E9E /* camera_icon.jpg */; };
		68BEF3D6167E6B5800656E9E /* Twitter.framework in Frameworks */ = {isa = PBXBuildFile; fileRef = 68BEF3D5167E6B5800656E9E /* Twitter.framework */; };
		68BEF3D8167E6CD200656E9E /* libc++abi.dylib in Frameworks */ = {isa = PBXBuildFile; fileRef = 68BEF3D7167E6CD200656E9E /* libc++abi.dylib */; };
		68BEF3EE167E8FE900656E9E /* libz.dylib in Frameworks */ = {isa = PBXBuildFile; fileRef = 68BEF3ED167E8FE900656E9E /* libz.dylib */; };
		68BEF3FC167E9F6500656E9E /* HMItemPhotosTableViewController.m in Sources */ = {isa = PBXBuildFile; fileRef = 68BEF3FA167E9F6400656E9E /* HMItemPhotosTableViewController.m */; };
		68BEF3FD167E9F6500656E9E /* HMItemPhotosTableViewController.xib in Resources */ = {isa = PBXBuildFile; fileRef = 68BEF3FB167E9F6500656E9E /* HMItemPhotosTableViewController.xib */; };
		68BEF401167E9F7100656E9E /* HMHomePhotosTableViewController.m in Sources */ = {isa = PBXBuildFile; fileRef = 68BEF3FF167E9F7000656E9E /* HMHomePhotosTableViewController.m */; };
		68BEF402167E9F7100656E9E /* HMHomePhotosTableViewController.xib in Resources */ = {isa = PBXBuildFile; fileRef = 68BEF400167E9F7100656E9E /* HMHomePhotosTableViewController.xib */; };
		68DB0E05167F844200567F2E /* HomePhoto.m in Sources */ = {isa = PBXBuildFile; fileRef = 68DB0E04167F844200567F2E /* HomePhoto.m */; };
		68DB0E08167F844C00567F2E /* ItemPhoto.m in Sources */ = {isa = PBXBuildFile; fileRef = 68DB0E07167F844C00567F2E /* ItemPhoto.m */; };
		68DB0E14167FD45E00567F2E /* HMMenuViewController.xib in Resources */ = {isa = PBXBuildFile; fileRef = 68DB0E13167FD45E00567F2E /* HMMenuViewController.xib */; };
		68DB0E16167FD54E00567F2E /* nav_divider.png in Resources */ = {isa = PBXBuildFile; fileRef = 68DB0E15167FD54E00567F2E /* nav_divider.png */; };
		68DB0E19167FD5C400567F2E /* HMMenuViewController.m in Sources */ = {isa = PBXBuildFile; fileRef = 68DB0E18167FD5C400567F2E /* HMMenuViewController.m */; };
		68DB0E1B167FDB2200567F2E /* menu_button.png in Resources */ = {isa = PBXBuildFile; fileRef = 68DB0E1A167FDB2200567F2E /* menu_button.png */; };
		68DB0E1D167FDB2800567F2E /* menu_button_active.png in Resources */ = {isa = PBXBuildFile; fileRef = 68DB0E1C167FDB2800567F2E /* menu_button_active.png */; };
		68DB0E1F167FE03300567F2E /* dropshadow.png in Resources */ = {isa = PBXBuildFile; fileRef = 68DB0E1E167FE03300567F2E /* dropshadow.png */; };
		68DB0E2E167FFC4500567F2E /* HMContainerViewController.m in Sources */ = {isa = PBXBuildFile; fileRef = 68DB0E2C167FFC4500567F2E /* HMContainerViewController.m */; };
		68DB0E2F167FFC4500567F2E /* HMContainerViewController.xib in Resources */ = {isa = PBXBuildFile; fileRef = 68DB0E2D167FFC4500567F2E /* HMContainerViewController.xib */; };
		68DB0E311680014700567F2E /* TexturedBackgroundColor.png in Resources */ = {isa = PBXBuildFile; fileRef = 68DB0E301680014700567F2E /* TexturedBackgroundColor.png */; };
/* End PBXBuildFile section */

/* Begin PBXContainerItemProxy section */
		680FB3EE15CF1B8500DE453D /* PBXContainerItemProxy */ = {
			isa = PBXContainerItemProxy;
			containerPortal = 680FB3B315CF1B8500DE453D /* Project object */;
			proxyType = 1;
			remoteGlobalIDString = 680FB3BB15CF1B8500DE453D;
			remoteInfo = "Home Owner Modeler";
		};
/* End PBXContainerItemProxy section */

/* Begin PBXFileReference section */
		680FB3BC15CF1B8500DE453D /* HomeModeler.app */ = {isa = PBXFileReference; explicitFileType = wrapper.application; includeInIndex = 0; path = HomeModeler.app; sourceTree = BUILT_PRODUCTS_DIR; };
		680FB3C015CF1B8500DE453D /* UIKit.framework */ = {isa = PBXFileReference; lastKnownFileType = wrapper.framework; name = UIKit.framework; path = System/Library/Frameworks/UIKit.framework; sourceTree = SDKROOT; };
		680FB3C215CF1B8500DE453D /* Foundation.framework */ = {isa = PBXFileReference; lastKnownFileType = wrapper.framework; name = Foundation.framework; path = System/Library/Frameworks/Foundation.framework; sourceTree = SDKROOT; };
		680FB3C415CF1B8500DE453D /* CoreGraphics.framework */ = {isa = PBXFileReference; lastKnownFileType = wrapper.framework; name = CoreGraphics.framework; path = System/Library/Frameworks/CoreGraphics.framework; sourceTree = SDKROOT; };
		680FB3C615CF1B8500DE453D /* CoreData.framework */ = {isa = PBXFileReference; lastKnownFileType = wrapper.framework; name = CoreData.framework; path = System/Library/Frameworks/CoreData.framework; sourceTree = SDKROOT; };
		680FB3CA15CF1B8500DE453D /* HomeModeler-Info.plist */ = {isa = PBXFileReference; lastKnownFileType = text.plist.xml; path = "HomeModeler-Info.plist"; sourceTree = "<group>"; };
		680FB3CC15CF1B8500DE453D /* en */ = {isa = PBXFileReference; lastKnownFileType = text.plist.strings; name = en; path = en.lproj/InfoPlist.strings; sourceTree = "<group>"; };
		680FB3CE15CF1B8500DE453D /* main.m */ = {isa = PBXFileReference; lastKnownFileType = sourcecode.c.objc; path = main.m; sourceTree = "<group>"; };
		680FB3D015CF1B8500DE453D /* HomeModeler-Prefix.pch */ = {isa = PBXFileReference; lastKnownFileType = sourcecode.c.h; path = "HomeModeler-Prefix.pch"; sourceTree = "<group>"; };
		680FB3D115CF1B8500DE453D /* AppDelegate.h */ = {isa = PBXFileReference; lastKnownFileType = sourcecode.c.h; path = AppDelegate.h; sourceTree = "<group>"; };
		680FB3D215CF1B8500DE453D /* AppDelegate.m */ = {isa = PBXFileReference; lastKnownFileType = sourcecode.c.objc; path = AppDelegate.m; sourceTree = "<group>"; };
		680FB3DB15CF1B8500DE453D /* Home_Owner_Modeler.xcdatamodel */ = {isa = PBXFileReference; lastKnownFileType = wrapper.xcdatamodel; path = Home_Owner_Modeler.xcdatamodel; sourceTree = "<group>"; };
		680FB3E815CF1B8500DE453D /* HomeModelerTests.octest */ = {isa = PBXFileReference; explicitFileType = wrapper.cfbundle; includeInIndex = 0; path = HomeModelerTests.octest; sourceTree = BUILT_PRODUCTS_DIR; };
		680FB3E915CF1B8500DE453D /* SenTestingKit.framework */ = {isa = PBXFileReference; lastKnownFileType = wrapper.framework; name = SenTestingKit.framework; path = Library/Frameworks/SenTestingKit.framework; sourceTree = DEVELOPER_DIR; };
		680FB3F215CF1B8500DE453D /* HomeModelerTests-Info.plist */ = {isa = PBXFileReference; lastKnownFileType = text.plist.xml; path = "HomeModelerTests-Info.plist"; sourceTree = "<group>"; };
		680FB3F415CF1B8500DE453D /* en */ = {isa = PBXFileReference; lastKnownFileType = text.plist.strings; name = en; path = en.lproj/InfoPlist.strings; sourceTree = "<group>"; };
		680FB3F615CF1B8500DE453D /* Home_Owner_ModelerTests.h */ = {isa = PBXFileReference; lastKnownFileType = sourcecode.c.h; path = Home_Owner_ModelerTests.h; sourceTree = "<group>"; };
		680FB3F715CF1B8500DE453D /* Home_Owner_ModelerTests.m */ = {isa = PBXFileReference; lastKnownFileType = sourcecode.c.objc; path = Home_Owner_ModelerTests.m; sourceTree = "<group>"; };
		681A92A2168010980028BFAE /* Default-568h@2x.png */ = {isa = PBXFileReference; lastKnownFileType = image.png; path = "Default-568h@2x.png"; sourceTree = "<group>"; };
		681A92A516801BBF0028BFAE /* contrast_icon.png */ = {isa = PBXFileReference; lastKnownFileType = image.png; path = contrast_icon.png; sourceTree = "<group>"; };
		681A92A616801BBF0028BFAE /* crop_icon.png */ = {isa = PBXFileReference; lastKnownFileType = image.png; path = crop_icon.png; sourceTree = "<group>"; };
		681A92A716801BC00028BFAE /* resize_icon.png */ = {isa = PBXFileReference; lastKnownFileType = image.png; path = resize_icon.png; sourceTree = "<group>"; };
		6841825E16802C1700950528 /* HMHomePhotoTableViewCell.xib */ = {isa = PBXFileReference; fileEncoding = 4; lastKnownFileType = file.xib; path = HMHomePhotoTableViewCell.xib; sourceTree = "<group>"; };
		6841826016802C2F00950528 /* HMHomePhotoTableViewCell.h */ = {isa = PBXFileReference; fileEncoding = 4; lastKnownFileType = sourcecode.c.h; path = HMHomePhotoTableViewCell.h; sourceTree = "<group>"; };
		6841826116802C2F00950528 /* HMHomePhotoTableViewCell.m */ = {isa = PBXFileReference; fileEncoding = 4; lastKnownFileType = sourcecode.c.objc; path = HMHomePhotoTableViewCell.m; sourceTree = "<group>"; };
		6841826316802CC400950528 /* HMItemPhotoTableViewCell.xib */ = {isa = PBXFileReference; fileEncoding = 4; lastKnownFileType = file.xib; path = HMItemPhotoTableViewCell.xib; sourceTree = "<group>"; };
		6841826516802CD300950528 /* HMItemPhotoTableViewCell.h */ = {isa = PBXFileReference; fileEncoding = 4; lastKnownFileType = sourcecode.c.h; path = HMItemPhotoTableViewCell.h; sourceTree = "<group>"; };
		6841826616802CD300950528 /* HMItemPhotoTableViewCell.m */ = {isa = PBXFileReference; fileEncoding = 4; lastKnownFileType = sourcecode.c.objc; path = HMItemPhotoTableViewCell.m; sourceTree = "<group>"; };
		6841826816802F2D00950528 /* left_disclosure_indicator.png */ = {isa = PBXFileReference; lastKnownFileType = image.png; path = left_disclosure_indicator.png; sourceTree = "<group>"; };
		6841826916802F2D00950528 /* right_disclosure_indicator.png */ = {isa = PBXFileReference; lastKnownFileType = image.png; path = right_disclosure_indicator.png; sourceTree = "<group>"; };
		684182CA1681670F00950528 /* HMHomeViewController.h */ = {isa = PBXFileReference; fileEncoding = 4; lastKnownFileType = sourcecode.c.h; path = HMHomeViewController.h; sourceTree = "<group>"; };
		684182CB1681670F00950528 /* HMHomeViewController.m */ = {isa = PBXFileReference; fileEncoding = 4; lastKnownFileType = sourcecode.c.objc; path = HMHomeViewController.m; sourceTree = "<group>"; };
		684182CC1681671000950528 /* HMHomeViewController.xib */ = {isa = PBXFileReference; fileEncoding = 4; lastKnownFileType = file.xib; path = HMHomeViewController.xib; sourceTree = "<group>"; };
		68BEF391167D1EB800656E9E /* IIViewDeckController.h */ = {isa = PBXFileReference; fileEncoding = 4; lastKnownFileType = sourcecode.c.h; path = IIViewDeckController.h; sourceTree = "<group>"; };
		68BEF392167D1EB800656E9E /* IIViewDeckController.m */ = {isa = PBXFileReference; fileEncoding = 4; lastKnownFileType = sourcecode.c.objc; path = IIViewDeckController.m; sourceTree = "<group>"; };
		68BEF398167D224A00656E9E /* IIWrapController.h */ = {isa = PBXFileReference; fileEncoding = 4; lastKnownFileType = sourcecode.c.h; path = IIWrapController.h; sourceTree = "<group>"; };
		68BEF399167D224A00656E9E /* IIWrapController.m */ = {isa = PBXFileReference; fileEncoding = 4; lastKnownFileType = sourcecode.c.objc; path = IIWrapController.m; sourceTree = "<group>"; };
		68BEF3C4167E568B00656E9E /* camera_icon.jpg */ = {isa = PBXFileReference; lastKnownFileType = image.jpeg; path = camera_icon.jpg; sourceTree = "<group>"; };
		68BEF3D2167E6B4B00656E9E /* libz.1.2.5.dylib */ = {isa = PBXFileReference; lastKnownFileType = "compiled.mach-o.dylib"; name = libz.1.2.5.dylib; path = usr/lib/libz.1.2.5.dylib; sourceTree = SDKROOT; };
		68BEF3D5167E6B5800656E9E /* Twitter.framework */ = {isa = PBXFileReference; lastKnownFileType = wrapper.framework; name = Twitter.framework; path = System/Library/Frameworks/Twitter.framework; sourceTree = SDKROOT; };
		68BEF3D7167E6CD200656E9E /* libc++abi.dylib */ = {isa = PBXFileReference; lastKnownFileType = "compiled.mach-o.dylib"; name = "libc++abi.dylib"; path = "usr/lib/libc++abi.dylib"; sourceTree = SDKROOT; };
		68BEF3ED167E8FE900656E9E /* libz.dylib */ = {isa = PBXFileReference; lastKnownFileType = "compiled.mach-o.dylib"; name = libz.dylib; path = usr/lib/libz.dylib; sourceTree = SDKROOT; };
		68BEF3F9167E9F6400656E9E /* HMItemPhotosTableViewController.h */ = {isa = PBXFileReference; fileEncoding = 4; lastKnownFileType = sourcecode.c.h; path = HMItemPhotosTableViewController.h; sourceTree = "<group>"; };
		68BEF3FA167E9F6400656E9E /* HMItemPhotosTableViewController.m */ = {isa = PBXFileReference; fileEncoding = 4; lastKnownFileType = sourcecode.c.objc; path = HMItemPhotosTableViewController.m; sourceTree = "<group>"; };
		68BEF3FB167E9F6500656E9E /* HMItemPhotosTableViewController.xib */ = {isa = PBXFileReference; fileEncoding = 4; lastKnownFileType = file.xib; path = HMItemPhotosTableViewController.xib; sourceTree = "<group>"; };
		68BEF3FE167E9F7000656E9E /* HMHomePhotosTableViewController.h */ = {isa = PBXFileReference; fileEncoding = 4; lastKnownFileType = sourcecode.c.h; path = HMHomePhotosTableViewController.h; sourceTree = "<group>"; };
		68BEF3FF167E9F7000656E9E /* HMHomePhotosTableViewController.m */ = {isa = PBXFileReference; fileEncoding = 4; lastKnownFileType = sourcecode.c.objc; path = HMHomePhotosTableViewController.m; sourceTree = "<group>"; };
		68BEF400167E9F7100656E9E /* HMHomePhotosTableViewController.xib */ = {isa = PBXFileReference; fileEncoding = 4; lastKnownFileType = file.xib; path = HMHomePhotosTableViewController.xib; sourceTree = "<group>"; };
		68DB0E03167F844200567F2E /* HomePhoto.h */ = {isa = PBXFileReference; fileEncoding = 4; lastKnownFileType = sourcecode.c.h; path = HomePhoto.h; sourceTree = "<group>"; };
		68DB0E04167F844200567F2E /* HomePhoto.m */ = {isa = PBXFileReference; fileEncoding = 4; lastKnownFileType = sourcecode.c.objc; path = HomePhoto.m; sourceTree = "<group>"; };
		68DB0E06167F844C00567F2E /* ItemPhoto.h */ = {isa = PBXFileReference; fileEncoding = 4; lastKnownFileType = sourcecode.c.h; path = ItemPhoto.h; sourceTree = "<group>"; };
		68DB0E07167F844C00567F2E /* ItemPhoto.m */ = {isa = PBXFileReference; fileEncoding = 4; lastKnownFileType = sourcecode.c.objc; path = ItemPhoto.m; sourceTree = "<group>"; };
		68DB0E13167FD45E00567F2E /* HMMenuViewController.xib */ = {isa = PBXFileReference; fileEncoding = 4; lastKnownFileType = file.xib; path = HMMenuViewController.xib; sourceTree = "<group>"; };
		68DB0E15167FD54E00567F2E /* nav_divider.png */ = {isa = PBXFileReference; lastKnownFileType = image.png; path = nav_divider.png; sourceTree = "<group>"; };
		68DB0E17167FD5C400567F2E /* HMMenuViewController.h */ = {isa = PBXFileReference; fileEncoding = 4; lastKnownFileType = sourcecode.c.h; path = HMMenuViewController.h; sourceTree = "<group>"; };
		68DB0E18167FD5C400567F2E /* HMMenuViewController.m */ = {isa = PBXFileReference; fileEncoding = 4; lastKnownFileType = sourcecode.c.objc; path = HMMenuViewController.m; sourceTree = "<group>"; };
		68DB0E1A167FDB2200567F2E /* menu_button.png */ = {isa = PBXFileReference; lastKnownFileType = image.png; path = menu_button.png; sourceTree = "<group>"; };
		68DB0E1C167FDB2800567F2E /* menu_button_active.png */ = {isa = PBXFileReference; lastKnownFileType = image.png; path = menu_button_active.png; sourceTree = "<group>"; };
		68DB0E1E167FE03300567F2E /* dropshadow.png */ = {isa = PBXFileReference; lastKnownFileType = image.png; path = dropshadow.png; sourceTree = "<group>"; };
		68DB0E2B167FFC4500567F2E /* HMContainerViewController.h */ = {isa = PBXFileReference; fileEncoding = 4; lastKnownFileType = sourcecode.c.h; path = HMContainerViewController.h; sourceTree = "<group>"; };
		68DB0E2C167FFC4500567F2E /* HMContainerViewController.m */ = {isa = PBXFileReference; fileEncoding = 4; lastKnownFileType = sourcecode.c.objc; path = HMContainerViewController.m; sourceTree = "<group>"; };
		68DB0E2D167FFC4500567F2E /* HMContainerViewController.xib */ = {isa = PBXFileReference; fileEncoding = 4; lastKnownFileType = file.xib; path = HMContainerViewController.xib; sourceTree = "<group>"; };
		68DB0E301680014700567F2E /* TexturedBackgroundColor.png */ = {isa = PBXFileReference; lastKnownFileType = image.png; path = TexturedBackgroundColor.png; sourceTree = "<group>"; };
/* End PBXFileReference section */

/* Begin PBXFrameworksBuildPhase section */
		680FB3B915CF1B8500DE453D /* Frameworks */ = {
			isa = PBXFrameworksBuildPhase;
			buildActionMask = 2147483647;
			files = (
				68BEF3EE167E8FE900656E9E /* libz.dylib in Frameworks */,
				68BEF3D8167E6CD200656E9E /* libc++abi.dylib in Frameworks */,
				68BEF3D6167E6B5800656E9E /* Twitter.framework in Frameworks */,
				680FB3C115CF1B8500DE453D /* UIKit.framework in Frameworks */,
				680FB3C315CF1B8500DE453D /* Foundation.framework in Frameworks */,
				680FB3C515CF1B8500DE453D /* CoreGraphics.framework in Frameworks */,
				680FB3C715CF1B8500DE453D /* CoreData.framework in Frameworks */,
			);
			runOnlyForDeploymentPostprocessing = 0;
		};
		680FB3E415CF1B8500DE453D /* Frameworks */ = {
			isa = PBXFrameworksBuildPhase;
			buildActionMask = 2147483647;
			files = (
				680FB3EA15CF1B8500DE453D /* SenTestingKit.framework in Frameworks */,
				680FB3EB15CF1B8500DE453D /* UIKit.framework in Frameworks */,
				680FB3EC15CF1B8500DE453D /* Foundation.framework in Frameworks */,
				680FB3ED15CF1B8500DE453D /* CoreData.framework in Frameworks */,
			);
			runOnlyForDeploymentPostprocessing = 0;
		};
/* End PBXFrameworksBuildPhase section */

/* Begin PBXGroup section */
		680FB3B115CF1B8500DE453D = {
			isa = PBXGroup;
			children = (
				681A92A2168010980028BFAE /* Default-568h@2x.png */,
				68BEF3ED167E8FE900656E9E /* libz.dylib */,
				680FB3C815CF1B8500DE453D /* Home Owner Modeler */,
				680FB3F015CF1B8500DE453D /* Home Owner ModelerTests */,
				680FB3BF15CF1B8500DE453D /* Frameworks */,
				680FB3BD15CF1B8500DE453D /* Products */,
			);
			sourceTree = "<group>";
		};
		680FB3BD15CF1B8500DE453D /* Products */ = {
			isa = PBXGroup;
			children = (
				680FB3BC15CF1B8500DE453D /* HomeModeler.app */,
				680FB3E815CF1B8500DE453D /* HomeModelerTests.octest */,
			);
			name = Products;
			sourceTree = "<group>";
		};
		680FB3BF15CF1B8500DE453D /* Frameworks */ = {
			isa = PBXGroup;
			children = (
				680FB3C615CF1B8500DE453D /* CoreData.framework */,
				680FB3C415CF1B8500DE453D /* CoreGraphics.framework */,
				680FB3C215CF1B8500DE453D /* Foundation.framework */,
				680FB3E915CF1B8500DE453D /* SenTestingKit.framework */,
				68BEF3D5167E6B5800656E9E /* Twitter.framework */,
				680FB3C015CF1B8500DE453D /* UIKit.framework */,
				68BEF3D2167E6B4B00656E9E /* libz.1.2.5.dylib */,
				68BEF3D7167E6CD200656E9E /* libc++abi.dylib */,
			);
			name = Frameworks;
			sourceTree = "<group>";
		};
		680FB3C815CF1B8500DE453D /* Home Owner Modeler */ = {
			isa = PBXGroup;
			children = (
				682EE23315D83A47008FB9A7 /* ViewDeck */,
				68BEF39C167D22A000656E9E /* Application */,
				68BEF39D167D22D100656E9E /* Classes */,
				68BEF39E167D22E900656E9E /* Models */,
				680FB3C915CF1B8500DE453D /* Resources */,
			);
			path = "Home Owner Modeler";
			sourceTree = "<group>";
		};
		680FB3C915CF1B8500DE453D /* Resources */ = {
			isa = PBXGroup;
			children = (
				6841826816802F2D00950528 /* left_disclosure_indicator.png */,
				6841826916802F2D00950528 /* right_disclosure_indicator.png */,
				68DB0E301680014700567F2E /* TexturedBackgroundColor.png */,
				68DB0E1E167FE03300567F2E /* dropshadow.png */,
				68DB0E1C167FDB2800567F2E /* menu_button_active.png */,
				68DB0E1A167FDB2200567F2E /* menu_button.png */,
				68DB0E15167FD54E00567F2E /* nav_divider.png */,
				68BEF3C4167E568B00656E9E /* camera_icon.jpg */,
				681A92A516801BBF0028BFAE /* contrast_icon.png */,
				681A92A616801BBF0028BFAE /* crop_icon.png */,
				681A92A716801BC00028BFAE /* resize_icon.png */,
			);
			name = Resources;
			sourceTree = "<group>";
		};
		680FB3F015CF1B8500DE453D /* Home Owner ModelerTests */ = {
			isa = PBXGroup;
			children = (
				680FB3F615CF1B8500DE453D /* Home_Owner_ModelerTests.h */,
				680FB3F715CF1B8500DE453D /* Home_Owner_ModelerTests.m */,
				680FB3F115CF1B8500DE453D /* Supporting Files */,
			);
			path = "Home Owner ModelerTests";
			sourceTree = "<group>";
		};
		680FB3F115CF1B8500DE453D /* Supporting Files */ = {
			isa = PBXGroup;
			children = (
				680FB3F215CF1B8500DE453D /* HomeModelerTests-Info.plist */,
				680FB3F315CF1B8500DE453D /* InfoPlist.strings */,
			);
			name = "Supporting Files";
			sourceTree = "<group>";
		};
		682EE23315D83A47008FB9A7 /* ViewDeck */ = {
			isa = PBXGroup;
			children = (
				68BEF391167D1EB800656E9E /* IIViewDeckController.h */,
				68BEF392167D1EB800656E9E /* IIViewDeckController.m */,
				68BEF398167D224A00656E9E /* IIWrapController.h */,
				68BEF399167D224A00656E9E /* IIWrapController.m */,
			);
			name = ViewDeck;
			sourceTree = "<group>";
		};
		684182C41681652800950528 /* HomeModeler */ = {
			isa = PBXGroup;
			children = (
				684182CA1681670F00950528 /* HMHomeViewController.h */,
				684182CB1681670F00950528 /* HMHomeViewController.m */,
				684182CC1681671000950528 /* HMHomeViewController.xib */,
			);
			name = HomeModeler;
			sourceTree = "<group>";
		};
		68BEF39C167D22A000656E9E /* Application */ = {
			isa = PBXGroup;
			children = (
				680FB3D115CF1B8500DE453D /* AppDelegate.h */,
				680FB3D215CF1B8500DE453D /* AppDelegate.m */,
				680FB3CA15CF1B8500DE453D /* HomeModeler-Info.plist */,
				680FB3D015CF1B8500DE453D /* HomeModeler-Prefix.pch */,
				680FB3CB15CF1B8500DE453D /* InfoPlist.strings */,
				680FB3CE15CF1B8500DE453D /* main.m */,
			);
			name = Application;
			sourceTree = "<group>";
		};
		68BEF39D167D22D100656E9E /* Classes */ = {
			isa = PBXGroup;
			children = (
				68DB0E2A167FFBD100567F2E /* ContainerController */,
				68DB0E12167FD44A00567F2E /* Menu */,
				68DB0E09167F8D9000567F2E /* TableViewCells */,
				684182C41681652800950528 /* HomeModeler */,
				68BEF3B2167E522900656E9E /* ItemViewControllers */,
			);
			name = Classes;
			sourceTree = "<group>";
		};
		68BEF39E167D22E900656E9E /* Models */ = {
			isa = PBXGroup;
			children = (
				680FB3DA15CF1B8500DE453D /* Home_Owner_Modeler.xcdatamodeld */,
				68DB0E03167F844200567F2E /* HomePhoto.h */,
				68DB0E04167F844200567F2E /* HomePhoto.m */,
				68DB0E06167F844C00567F2E /* ItemPhoto.h */,
				68DB0E07167F844C00567F2E /* ItemPhoto.m */,
			);
			name = Models;
			sourceTree = "<group>";
		};
		68BEF3B2167E522900656E9E /* ItemViewControllers */ = {
			isa = PBXGroup;
			children = (
				68BEF3FE167E9F7000656E9E /* HMHomePhotosTableViewController.h */,
				68BEF3FF167E9F7000656E9E /* HMHomePhotosTableViewController.m */,
				68BEF400167E9F7100656E9E /* HMHomePhotosTableViewController.xib */,
				68BEF3F9167E9F6400656E9E /* HMItemPhotosTableViewController.h */,
				68BEF3FA167E9F6400656E9E /* HMItemPhotosTableViewController.m */,
				68BEF3FB167E9F6500656E9E /* HMItemPhotosTableViewController.xib */,
			);
			name = ItemViewControllers;
			sourceTree = "<group>";
		};
		68DB0E09167F8D9000567F2E /* TableViewCells */ = {
			isa = PBXGroup;
			children = (
				6841826016802C2F00950528 /* HMHomePhotoTableViewCell.h */,
				6841826116802C2F00950528 /* HMHomePhotoTableViewCell.m */,
				6841825E16802C1700950528 /* HMHomePhotoTableViewCell.xib */,
				6841826516802CD300950528 /* HMItemPhotoTableViewCell.h */,
				6841826616802CD300950528 /* HMItemPhotoTableViewCell.m */,
				6841826316802CC400950528 /* HMItemPhotoTableViewCell.xib */,
			);
			name = TableViewCells;
			sourceTree = "<group>";
		};
		68DB0E12167FD44A00567F2E /* Menu */ = {
			isa = PBXGroup;
			children = (
				68DB0E17167FD5C400567F2E /* HMMenuViewController.h */,
				68DB0E18167FD5C400567F2E /* HMMenuViewController.m */,
				68DB0E13167FD45E00567F2E /* HMMenuViewController.xib */,
			);
			name = Menu;
			sourceTree = "<group>";
		};
		68DB0E2A167FFBD100567F2E /* ContainerController */ = {
			isa = PBXGroup;
			children = (
				68DB0E2B167FFC4500567F2E /* HMContainerViewController.h */,
				68DB0E2C167FFC4500567F2E /* HMContainerViewController.m */,
				68DB0E2D167FFC4500567F2E /* HMContainerViewController.xib */,
			);
			name = ContainerController;
			sourceTree = "<group>";
		};
/* End PBXGroup section */

/* Begin PBXNativeTarget section */
		680FB3BB15CF1B8500DE453D /* HomeModeler */ = {
			isa = PBXNativeTarget;
			buildConfigurationList = 680FB3FB15CF1B8500DE453D /* Build configuration list for PBXNativeTarget "HomeModeler" */;
			buildPhases = (
				680FB3B815CF1B8500DE453D /* Sources */,
				680FB3B915CF1B8500DE453D /* Frameworks */,
				680FB3BA15CF1B8500DE453D /* Resources */,
			);
			buildRules = (
			);
			dependencies = (
			);
			name = HomeModeler;
			productName = "Home Owner Modeler";
			productReference = 680FB3BC15CF1B8500DE453D /* HomeModeler.app */;
			productType = "com.apple.product-type.application";
		};
		680FB3E715CF1B8500DE453D /* HomeModelerTests */ = {
			isa = PBXNativeTarget;
			buildConfigurationList = 680FB3FE15CF1B8500DE453D /* Build configuration list for PBXNativeTarget "HomeModelerTests" */;
			buildPhases = (
				680FB3E315CF1B8500DE453D /* Sources */,
				680FB3E415CF1B8500DE453D /* Frameworks */,
				680FB3E515CF1B8500DE453D /* Resources */,
				680FB3E615CF1B8500DE453D /* ShellScript */,
			);
			buildRules = (
			);
			dependencies = (
				680FB3EF15CF1B8500DE453D /* PBXTargetDependency */,
			);
			name = HomeModelerTests;
			productName = "Home Owner ModelerTests";
			productReference = 680FB3E815CF1B8500DE453D /* HomeModelerTests.octest */;
			productType = "com.apple.product-type.bundle";
		};
/* End PBXNativeTarget section */

/* Begin PBXProject section */
		680FB3B315CF1B8500DE453D /* Project object */ = {
			isa = PBXProject;
			attributes = {
				LastUpgradeCheck = 0440;
				ORGANIZATIONNAME = "Garrett Franks";
			};
			buildConfigurationList = 680FB3B615CF1B8500DE453D /* Build configuration list for PBXProject "HomeModeler" */;
			compatibilityVersion = "Xcode 3.2";
			developmentRegion = English;
			hasScannedForEncodings = 0;
			knownRegions = (
				en,
			);
			mainGroup = 680FB3B115CF1B8500DE453D;
			productRefGroup = 680FB3BD15CF1B8500DE453D /* Products */;
			projectDirPath = "";
			projectRoot = "";
			targets = (
				680FB3BB15CF1B8500DE453D /* HomeModeler */,
				680FB3E715CF1B8500DE453D /* HomeModelerTests */,
			);
		};
/* End PBXProject section */

/* Begin PBXResourcesBuildPhase section */
		680FB3BA15CF1B8500DE453D /* Resources */ = {
			isa = PBXResourcesBuildPhase;
			buildActionMask = 2147483647;
			files = (
				680FB3CD15CF1B8500DE453D /* InfoPlist.strings in Resources */,
				68BEF3C5167E568B00656E9E /* camera_icon.jpg in Resources */,
				68BEF3FD167E9F6500656E9E /* HMItemPhotosTableViewController.xib in Resources */,
				68BEF402167E9F7100656E9E /* HMHomePhotosTableViewController.xib in Resources */,
				68DB0E14167FD45E00567F2E /* HMMenuViewController.xib in Resources */,
				68DB0E16167FD54E00567F2E /* nav_divider.png in Resources */,
				68DB0E1B167FDB2200567F2E /* menu_button.png in Resources */,
				68DB0E1D167FDB2800567F2E /* menu_button_active.png in Resources */,
				68DB0E1F167FE03300567F2E /* dropshadow.png in Resources */,
				68DB0E2F167FFC4500567F2E /* HMContainerViewController.xib in Resources */,
				68DB0E311680014700567F2E /* TexturedBackgroundColor.png in Resources */,
				681A92A3168010980028BFAE /* Default-568h@2x.png in Resources */,
				681A92A816801BC00028BFAE /* contrast_icon.png in Resources */,
				681A92A916801BC00028BFAE /* crop_icon.png in Resources */,
				681A92AA16801BC00028BFAE /* resize_icon.png in Resources */,
				6841825F16802C1700950528 /* HMHomePhotoTableViewCell.xib in Resources */,
				6841826416802CC400950528 /* HMItemPhotoTableViewCell.xib in Resources */,
				6841826A16802F2D00950528 /* left_disclosure_indicator.png in Resources */,
				6841826B16802F2D00950528 /* right_disclosure_indicator.png in Resources */,
				684182CE1681671000950528 /* HMHomeViewController.xib in Resources */,
			);
			runOnlyForDeploymentPostprocessing = 0;
		};
		680FB3E515CF1B8500DE453D /* Resources */ = {
			isa = PBXResourcesBuildPhase;
			buildActionMask = 2147483647;
			files = (
				680FB3F515CF1B8500DE453D /* InfoPlist.strings in Resources */,
			);
			runOnlyForDeploymentPostprocessing = 0;
		};
/* End PBXResourcesBuildPhase section */

/* Begin PBXShellScriptBuildPhase section */
		680FB3E615CF1B8500DE453D /* ShellScript */ = {
			isa = PBXShellScriptBuildPhase;
			buildActionMask = 2147483647;
			files = (
			);
			inputPaths = (
			);
			outputPaths = (
			);
			runOnlyForDeploymentPostprocessing = 0;
			shellPath = /bin/sh;
			shellScript = "# Run the unit tests in this test bundle.\n\"${SYSTEM_DEVELOPER_DIR}/Tools/RunUnitTests\"\n";
		};
/* End PBXShellScriptBuildPhase section */

/* Begin PBXSourcesBuildPhase section */
		680FB3B815CF1B8500DE453D /* Sources */ = {
			isa = PBXSourcesBuildPhase;
			buildActionMask = 2147483647;
			files = (
				680FB3CF15CF1B8500DE453D /* main.m in Sources */,
				680FB3D315CF1B8500DE453D /* AppDelegate.m in Sources */,
				68BEF393167D1EB800656E9E /* IIViewDeckController.m in Sources */,
				68BEF39A167D224A00656E9E /* IIWrapController.m in Sources */,
				680FB3DC15CF1B8500DE453D /* Home_Owner_Modeler.xcdatamodeld in Sources */,
				68BEF3FC167E9F6500656E9E /* HMItemPhotosTableViewController.m in Sources */,
				68BEF401167E9F7100656E9E /* HMHomePhotosTableViewController.m in Sources */,
				68DB0E05167F844200567F2E /* HomePhoto.m in Sources */,
				68DB0E08167F844C00567F2E /* ItemPhoto.m in Sources */,
				68DB0E19167FD5C400567F2E /* HMMenuViewController.m in Sources */,
				68DB0E2E167FFC4500567F2E /* HMContainerViewController.m in Sources */,
				6841826216802C2F00950528 /* HMHomePhotoTableViewCell.m in Sources */,
				6841826716802CD400950528 /* HMItemPhotoTableViewCell.m in Sources */,
				684182CD1681671000950528 /* HMHomeViewController.m in Sources */,
			);
			runOnlyForDeploymentPostprocessing = 0;
		};
		680FB3E315CF1B8500DE453D /* Sources */ = {
			isa = PBXSourcesBuildPhase;
			buildActionMask = 2147483647;
			files = (
				680FB3F815CF1B8500DE453D /* Home_Owner_ModelerTests.m in Sources */,
			);
			runOnlyForDeploymentPostprocessing = 0;
		};
/* End PBXSourcesBuildPhase section */

/* Begin PBXTargetDependency section */
		680FB3EF15CF1B8500DE453D /* PBXTargetDependency */ = {
			isa = PBXTargetDependency;
			target = 680FB3BB15CF1B8500DE453D /* HomeModeler */;
			targetProxy = 680FB3EE15CF1B8500DE453D /* PBXContainerItemProxy */;
		};
/* End PBXTargetDependency section */

/* Begin PBXVariantGroup section */
		680FB3CB15CF1B8500DE453D /* InfoPlist.strings */ = {
			isa = PBXVariantGroup;
			children = (
				680FB3CC15CF1B8500DE453D /* en */,
			);
			name = InfoPlist.strings;
			sourceTree = "<group>";
		};
		680FB3F315CF1B8500DE453D /* InfoPlist.strings */ = {
			isa = PBXVariantGroup;
			children = (
				680FB3F415CF1B8500DE453D /* en */,
			);
			name = InfoPlist.strings;
			sourceTree = "<group>";
		};
/* End PBXVariantGroup section */

/* Begin XCBuildConfiguration section */
		680FB3F915CF1B8500DE453D /* Debug */ = {
			isa = XCBuildConfiguration;
			buildSettings = {
				ALWAYS_SEARCH_USER_PATHS = NO;
				ARCHS = "$(ARCHS_STANDARD_32_BIT)";
				CLANG_CXX_LANGUAGE_STANDARD = "gnu++0x";
				CLANG_ENABLE_OBJC_ARC = YES;
				CLANG_WARN__DUPLICATE_METHOD_MATCH = YES;
				"CODE_SIGN_IDENTITY[sdk=iphoneos*]" = "iPhone Developer";
				COPY_PHASE_STRIP = NO;
				GCC_C_LANGUAGE_STANDARD = gnu99;
				GCC_DYNAMIC_NO_PIC = NO;
				GCC_OPTIMIZATION_LEVEL = 0;
				GCC_PREPROCESSOR_DEFINITIONS = (
					"DEBUG=1",
					"$(inherited)",
				);
				GCC_SYMBOLS_PRIVATE_EXTERN = NO;
				GCC_VERSION = com.apple.compilers.llvm.clang.1_0;
				GCC_WARN_ABOUT_RETURN_TYPE = YES;
				GCC_WARN_UNINITIALIZED_AUTOS = YES;
				GCC_WARN_UNUSED_VARIABLE = YES;
				IPHONEOS_DEPLOYMENT_TARGET = 5.1;
				SDKROOT = iphoneos;
				TARGETED_DEVICE_FAMILY = "1,2";
			};
			name = Debug;
		};
		680FB3FA15CF1B8500DE453D /* Release */ = {
			isa = XCBuildConfiguration;
			buildSettings = {
				ALWAYS_SEARCH_USER_PATHS = NO;
				ARCHS = "$(ARCHS_STANDARD_32_BIT)";
				CLANG_CXX_LANGUAGE_STANDARD = "gnu++0x";
				CLANG_ENABLE_OBJC_ARC = YES;
				CLANG_WARN__DUPLICATE_METHOD_MATCH = YES;
				"CODE_SIGN_IDENTITY[sdk=iphoneos*]" = "iPhone Developer";
				COPY_PHASE_STRIP = YES;
				GCC_C_LANGUAGE_STANDARD = gnu99;
				GCC_VERSION = com.apple.compilers.llvm.clang.1_0;
				GCC_WARN_ABOUT_RETURN_TYPE = YES;
				GCC_WARN_UNINITIALIZED_AUTOS = YES;
				GCC_WARN_UNUSED_VARIABLE = YES;
				IPHONEOS_DEPLOYMENT_TARGET = 5.1;
				OTHER_CFLAGS = "-DNS_BLOCK_ASSERTIONS=1";
				SDKROOT = iphoneos;
				TARGETED_DEVICE_FAMILY = "1,2";
				VALIDATE_PRODUCT = YES;
			};
			name = Release;
		};
		680FB3FC15CF1B8500DE453D /* Debug */ = {
			isa = XCBuildConfiguration;
			buildSettings = {
				GCC_PRECOMPILE_PREFIX_HEADER = YES;
				GCC_PREFIX_HEADER = "Home Owner Modeler/HomeModeler-Prefix.pch";
				INFOPLIST_FILE = "Home Owner Modeler/HomeModeler-Info.plist";
				PRODUCT_NAME = HomeModeler;
				TARGETED_DEVICE_FAMILY = 1;
				WRAPPER_EXTENSION = app;
			};
			name = Debug;
		};
		680FB3FD15CF1B8500DE453D /* Release */ = {
			isa = XCBuildConfiguration;
			buildSettings = {
				GCC_PRECOMPILE_PREFIX_HEADER = YES;
				GCC_PREFIX_HEADER = "Home Owner Modeler/HomeModeler-Prefix.pch";
				INFOPLIST_FILE = "Home Owner Modeler/HomeModeler-Info.plist";
				PRODUCT_NAME = HomeModeler;
				TARGETED_DEVICE_FAMILY = 1;
				WRAPPER_EXTENSION = app;
			};
			name = Release;
		};
		680FB3FF15CF1B8500DE453D /* Debug */ = {
			isa = XCBuildConfiguration;
			buildSettings = {
				BUNDLE_LOADER = "$(BUILT_PRODUCTS_DIR)/Home Owner Modeler.app/Home Owner Modeler";
				FRAMEWORK_SEARCH_PATHS = (
					"\"$(SDKROOT)/Developer/Library/Frameworks\"",
					"\"$(DEVELOPER_LIBRARY_DIR)/Frameworks\"",
				);
				GCC_PRECOMPILE_PREFIX_HEADER = YES;
				GCC_PREFIX_HEADER = "Home Owner Modeler/Home Owner Modeler-Prefix.pch";
				INFOPLIST_FILE = "Home Owner ModelerTests/HomeModelerTests-Info.plist";
				PRODUCT_NAME = HomeModelerTests;
				TEST_HOST = "$(BUNDLE_LOADER)";
				WRAPPER_EXTENSION = octest;
			};
			name = Debug;
		};
		680FB40015CF1B8500DE453D /* Release */ = {
			isa = XCBuildConfiguration;
			buildSettings = {
				BUNDLE_LOADER = "$(BUILT_PRODUCTS_DIR)/Home Owner Modeler.app/Home Owner Modeler";
				FRAMEWORK_SEARCH_PATHS = (
					"\"$(SDKROOT)/Developer/Library/Frameworks\"",
					"\"$(DEVELOPER_LIBRARY_DIR)/Frameworks\"",
				);
				GCC_PRECOMPILE_PREFIX_HEADER = YES;
				GCC_PREFIX_HEADER = "Home Owner Modeler/Home Owner Modeler-Prefix.pch";
				INFOPLIST_FILE = "Home Owner ModelerTests/HomeModelerTests-Info.plist";
				PRODUCT_NAME = HomeModelerTests;
				TEST_HOST = "$(BUNDLE_LOADER)";
				WRAPPER_EXTENSION = octest;
			};
			name = Release;
		};
/* End XCBuildConfiguration section */

/* Begin XCConfigurationList section */
		680FB3B615CF1B8500DE453D /* Build configuration list for PBXProject "HomeModeler" */ = {
			isa = XCConfigurationList;
			buildConfigurations = (
				680FB3F915CF1B8500DE453D /* Debug */,
				680FB3FA15CF1B8500DE453D /* Release */,
			);
			defaultConfigurationIsVisible = 0;
			defaultConfigurationName = Release;
		};
		680FB3FB15CF1B8500DE453D /* Build configuration list for PBXNativeTarget "HomeModeler" */ = {
			isa = XCConfigurationList;
			buildConfigurations = (
				680FB3FC15CF1B8500DE453D /* Debug */,
				680FB3FD15CF1B8500DE453D /* Release */,
			);
			defaultConfigurationIsVisible = 0;
			defaultConfigurationName = Release;
		};
		680FB3FE15CF1B8500DE453D /* Build configuration list for PBXNativeTarget "HomeModelerTests" */ = {
			isa = XCConfigurationList;
			buildConfigurations = (
				680FB3FF15CF1B8500DE453D /* Debug */,
				680FB40015CF1B8500DE453D /* Release */,
			);
			defaultConfigurationIsVisible = 0;
			defaultConfigurationName = Release;
		};
/* End XCConfigurationList section */

/* Begin XCVersionGroup section */
		680FB3DA15CF1B8500DE453D /* Home_Owner_Modeler.xcdatamodeld */ = {
			isa = XCVersionGroup;
			children = (
				680FB3DB15CF1B8500DE453D /* Home_Owner_Modeler.xcdatamodel */,
			);
			currentVersion = 680FB3DB15CF1B8500DE453D /* Home_Owner_Modeler.xcdatamodel */;
			path = Home_Owner_Modeler.xcdatamodeld;
			sourceTree = "<group>";
			versionGroupType = wrapper.xcdatamodel;
		};
/* End XCVersionGroup section */
	};
	rootObject = 680FB3B315CF1B8500DE453D /* Project object */;
}
